
Microsoft Visual Studio Solution File, Format Version 12.00
# Visual Studio 15
VisualStudioVersion = 15.0.25807.0
MinimumVisualStudioVersion = 10.0.40219.1
Project("{2150E333-8FDC-42A3-9474-1A3956D46DE8}") = "Engine", "Engine", "{F64A09A2-B209-41A9-B135-E570008575CD}"
EndProject
Project("{2150E333-8FDC-42A3-9474-1A3956D46DE8}") = "Games", "Games", "{AD3F36A9-A9D0-49E3-BA9A-F819147B88A2}"
EndProject
Project("{8BC9CEB8-8B4A-11D0-8D11-00A0C91BC942}") = "UE4", "Intermediate\ProjectFiles\UE4.vcxproj", "{71AE563E-9D95-43CC-92BE-EF918A237780}"
EndProject
Project("{8BC9CEB8-8B4A-11D0-8D11-00A0C91BC942}") = "VR_PROJEKT501", "Intermediate\ProjectFiles\VR_PROJEKT501.vcxproj", "{077DE396-D54F-4051-AE15-0CC92656BFBB}"
EndProject
Global
	GlobalSection(SolutionConfigurationPlatforms) = preSolution
		DebugGame Editor|HTML5 = DebugGame Editor|HTML5
		DebugGame Editor|Win32 = DebugGame Editor|Win32
		DebugGame Editor|Win64 = DebugGame Editor|Win64
		DebugGame|HTML5 = DebugGame|HTML5
		DebugGame|Win32 = DebugGame|Win32
		DebugGame|Win64 = DebugGame|Win64
		Development Editor|HTML5 = Development Editor|HTML5
		Development Editor|Win32 = Development Editor|Win32
		Development Editor|Win64 = Development Editor|Win64
		Development|HTML5 = Development|HTML5
		Development|Win32 = Development|Win32
		Development|Win64 = Development|Win64
		Shipping|HTML5 = Shipping|HTML5
		Shipping|Win32 = Shipping|Win32
		Shipping|Win64 = Shipping|Win64
	EndGlobalSection
	GlobalSection(ProjectConfigurationPlatforms) = postSolution
		{71AE563E-9D95-43CC-92BE-EF918A237780}.DebugGame Editor|HTML5.ActiveCfg = BuiltWithUnrealBuildTool|Win32
		{71AE563E-9D95-43CC-92BE-EF918A237780}.DebugGame Editor|HTML5.Build.0 = BuiltWithUnrealBuildTool|Win32
		{71AE563E-9D95-43CC-92BE-EF918A237780}.DebugGame Editor|Win32.ActiveCfg = BuiltWithUnrealBuildTool|Win32
		{71AE563E-9D95-43CC-92BE-EF918A237780}.DebugGame Editor|Win32.Build.0 = BuiltWithUnrealBuildTool|Win32
		{71AE563E-9D95-43CC-92BE-EF918A237780}.DebugGame Editor|Win64.ActiveCfg = BuiltWithUnrealBuildTool|Win32
		{71AE563E-9D95-43CC-92BE-EF918A237780}.DebugGame Editor|Win64.Build.0 = BuiltWithUnrealBuildTool|Win32
		{71AE563E-9D95-43CC-92BE-EF918A237780}.DebugGame|HTML5.ActiveCfg = BuiltWithUnrealBuildTool|Win32
		{71AE563E-9D95-43CC-92BE-EF918A237780}.DebugGame|HTML5.Build.0 = BuiltWithUnrealBuildTool|Win32
		{71AE563E-9D95-43CC-92BE-EF918A237780}.DebugGame|Win32.ActiveCfg = BuiltWithUnrealBuildTool|Win32
		{71AE563E-9D95-43CC-92BE-EF918A237780}.DebugGame|Win32.Build.0 = BuiltWithUnrealBuildTool|Win32
		{71AE563E-9D95-43CC-92BE-EF918A237780}.DebugGame|Win64.ActiveCfg = BuiltWithUnrealBuildTool|Win32
		{71AE563E-9D95-43CC-92BE-EF918A237780}.DebugGame|Win64.Build.0 = BuiltWithUnrealBuildTool|Win32
		{71AE563E-9D95-43CC-92BE-EF918A237780}.Development Editor|HTML5.ActiveCfg = BuiltWithUnrealBuildTool|Win32
		{71AE563E-9D95-43CC-92BE-EF918A237780}.Development Editor|HTML5.Build.0 = BuiltWithUnrealBuildTool|Win32
		{71AE563E-9D95-43CC-92BE-EF918A237780}.Development Editor|Win32.ActiveCfg = BuiltWithUnrealBuildTool|Win32
		{71AE563E-9D95-43CC-92BE-EF918A237780}.Development Editor|Win32.Build.0 = BuiltWithUnrealBuildTool|Win32
		{71AE563E-9D95-43CC-92BE-EF918A237780}.Development Editor|Win64.ActiveCfg = BuiltWithUnrealBuildTool|Win32
		{71AE563E-9D95-43CC-92BE-EF918A237780}.Development Editor|Win64.Build.0 = BuiltWithUnrealBuildTool|Win32
		{71AE563E-9D95-43CC-92BE-EF918A237780}.Development|HTML5.ActiveCfg = BuiltWithUnrealBuildTool|Win32
		{71AE563E-9D95-43CC-92BE-EF918A237780}.Development|HTML5.Build.0 = BuiltWithUnrealBuildTool|Win32
		{71AE563E-9D95-43CC-92BE-EF918A237780}.Development|Win32.ActiveCfg = BuiltWithUnrealBuildTool|Win32
		{71AE563E-9D95-43CC-92BE-EF918A237780}.Development|Win32.Build.0 = BuiltWithUnrealBuildTool|Win32
		{71AE563E-9D95-43CC-92BE-EF918A237780}.Development|Win64.ActiveCfg = BuiltWithUnrealBuildTool|Win32
		{71AE563E-9D95-43CC-92BE-EF918A237780}.Development|Win64.Build.0 = BuiltWithUnrealBuildTool|Win32
		{71AE563E-9D95-43CC-92BE-EF918A237780}.Shipping|HTML5.ActiveCfg = BuiltWithUnrealBuildTool|Win32
		{71AE563E-9D95-43CC-92BE-EF918A237780}.Shipping|HTML5.Build.0 = BuiltWithUnrealBuildTool|Win32
		{71AE563E-9D95-43CC-92BE-EF918A237780}.Shipping|Win32.ActiveCfg = BuiltWithUnrealBuildTool|Win32
		{71AE563E-9D95-43CC-92BE-EF918A237780}.Shipping|Win32.Build.0 = BuiltWithUnrealBuildTool|Win32
		{71AE563E-9D95-43CC-92BE-EF918A237780}.Shipping|Win64.ActiveCfg = BuiltWithUnrealBuildTool|Win32
		{71AE563E-9D95-43CC-92BE-EF918A237780}.Shipping|Win64.Build.0 = BuiltWithUnrealBuildTool|Win32
		{077DE396-D54F-4051-AE15-0CC92656BFBB}.DebugGame Editor|HTML5.ActiveCfg = HTML5_DebugGame_Editor|Win32
		{077DE396-D54F-4051-AE15-0CC92656BFBB}.DebugGame Editor|Win32.ActiveCfg = DebugGame_Editor|Win32
		{077DE396-D54F-4051-AE15-0CC92656BFBB}.DebugGame Editor|Win64.ActiveCfg = DebugGame_Editor|x64
		{077DE396-D54F-4051-AE15-0CC92656BFBB}.DebugGame Editor|Win64.Build.0 = DebugGame_Editor|x64
		{077DE396-D54F-4051-AE15-0CC92656BFBB}.DebugGame|HTML5.ActiveCfg = HTML5_DebugGame_Game|Win32
		{077DE396-D54F-4051-AE15-0CC92656BFBB}.DebugGame|HTML5.Build.0 = HTML5_DebugGame_Game|Win32
		{077DE396-D54F-4051-AE15-0CC92656BFBB}.DebugGame|Win32.ActiveCfg = DebugGame_Game|Win32
		{077DE396-D54F-4051-AE15-0CC92656BFBB}.DebugGame|Win32.Build.0 = DebugGame_Game|Win32
		{077DE396-D54F-4051-AE15-0CC92656BFBB}.DebugGame|Win64.ActiveCfg = DebugGame_Game|x64
		{077DE396-D54F-4051-AE15-0CC92656BFBB}.DebugGame|Win64.Build.0 = DebugGame_Game|x64
		{077DE396-D54F-4051-AE15-0CC92656BFBB}.Development Editor|HTML5.ActiveCfg = HTML5_Development_Editor|Win32
		{077DE396-D54F-4051-AE15-0CC92656BFBB}.Development Editor|Win32.ActiveCfg = Development_Editor|Win32
		{077DE396-D54F-4051-AE15-0CC92656BFBB}.Development Editor|Win64.ActiveCfg = Development_Editor|x64
		{077DE396-D54F-4051-AE15-0CC92656BFBB}.Development Editor|Win64.Build.0 = Development_Editor|x64
		{077DE396-D54F-4051-AE15-0CC92656BFBB}.Development|HTML5.ActiveCfg = HTML5_Development_Game|Win32
		{077DE396-D54F-4051-AE15-0CC92656BFBB}.Development|HTML5.Build.0 = HTML5_Development_Game|Win32
		{077DE396-D54F-4051-AE15-0CC92656BFBB}.Development|Win32.ActiveCfg = Development_Game|Win32
		{077DE396-D54F-4051-AE15-0CC92656BFBB}.Development|Win32.Build.0 = Development_Game|Win32
		{077DE396-D54F-4051-AE15-0CC92656BFBB}.Development|Win64.ActiveCfg = Development_Game|x64
		{077DE396-D54F-4051-AE15-0CC92656BFBB}.Development|Win64.Build.0 = Development_Game|x64
		{077DE396-D54F-4051-AE15-0CC92656BFBB}.Shipping|HTML5.ActiveCfg = HTML5_Shipping_Game|Win32
		{077DE396-D54F-4051-AE15-0CC92656BFBB}.Shipping|HTML5.Build.0 = HTML5_Shipping_Game|Win32
		{077DE396-D54F-4051-AE15-0CC92656BFBB}.Shipping|Win32.ActiveCfg = Shipping_Game|Win32
		{077DE396-D54F-4051-AE15-0CC92656BFBB}.Shipping|Win32.Build.0 = Shipping_Game|Win32
		{077DE396-D54F-4051-AE15-0CC92656BFBB}.Shipping|Win64.ActiveCfg = Shipping_Game|x64
		{077DE396-D54F-4051-AE15-0CC92656BFBB}.Shipping|Win64.Build.0 = Shipping_Game|x64
	EndGlobalSection
	GlobalSection(SolutionProperties) = preSolution
		HideSolutionNode = FALSE
	EndGlobalSection
	GlobalSection(NestedProjects) = preSolution
		{71AE563E-9D95-43CC-92BE-EF918A237780} = {F64A09A2-B209-41A9-B135-E570008575CD}
		{077DE396-D54F-4051-AE15-0CC92656BFBB} = {AD3F36A9-A9D0-49E3-BA9A-F819147B88A2}
	EndGlobalSection
	GlobalSection(ExtensibilityGlobals) = postSolution
		SolutionGuid = {09F593DB-C2A7-4D76-9958-45BA4B409DC5}
	EndGlobalSection
EndGlobal
