
Microsoft Visual Studio Solution File, Format Version 12.00
# Visual Studio 15
VisualStudioVersion = 15.0.25807.0
MinimumVisualStudioVersion = 10.0.40219.1
Project("{2150E333-8FDC-42A3-9474-1A3956D46DE8}") = "Engine", "Engine", "{DCCEC87F-853A-44B0-8D86-0F457EF44182}"
EndProject
Project("{2150E333-8FDC-42A3-9474-1A3956D46DE8}") = "Games", "Games", "{6F0F3E9E-2599-4298-A8D6-C8B804F9111A}"
EndProject
Project("{8BC9CEB8-8B4A-11D0-8D11-00A0C91BC942}") = "UE4", "Intermediate\ProjectFiles\UE4.vcxproj", "{432BF701-A390-4104-8F85-19AA5110EADF}"
EndProject
Project("{8BC9CEB8-8B4A-11D0-8D11-00A0C91BC942}") = "VR_PROJEKT501", "Intermediate\ProjectFiles\VR_PROJEKT501.vcxproj", "{458D66ED-C770-43B8-964E-24D8D175AA58}"
EndProject
Global
	GlobalSection(SolutionConfigurationPlatforms) = preSolution
		DebugGame Editor|HTML5 = DebugGame Editor|HTML5
		DebugGame Editor|Win32 = DebugGame Editor|Win32
		DebugGame Editor|Win64 = DebugGame Editor|Win64
		DebugGame|HTML5 = DebugGame|HTML5
		DebugGame|Win32 = DebugGame|Win32
		DebugGame|Win64 = DebugGame|Win64
		Development Editor|HTML5 = Development Editor|HTML5
		Development Editor|Win32 = Development Editor|Win32
		Development Editor|Win64 = Development Editor|Win64
		Development|HTML5 = Development|HTML5
		Development|Win32 = Development|Win32
		Development|Win64 = Development|Win64
		Shipping|HTML5 = Shipping|HTML5
		Shipping|Win32 = Shipping|Win32
		Shipping|Win64 = Shipping|Win64
	EndGlobalSection
	GlobalSection(ProjectConfigurationPlatforms) = postSolution
		{432BF701-A390-4104-8F85-19AA5110EADF}.DebugGame Editor|HTML5.ActiveCfg = BuiltWithUnrealBuildTool|Win32
		{432BF701-A390-4104-8F85-19AA5110EADF}.DebugGame Editor|HTML5.Build.0 = BuiltWithUnrealBuildTool|Win32
		{432BF701-A390-4104-8F85-19AA5110EADF}.DebugGame Editor|Win32.ActiveCfg = BuiltWithUnrealBuildTool|Win32
		{432BF701-A390-4104-8F85-19AA5110EADF}.DebugGame Editor|Win32.Build.0 = BuiltWithUnrealBuildTool|Win32
		{432BF701-A390-4104-8F85-19AA5110EADF}.DebugGame Editor|Win64.ActiveCfg = BuiltWithUnrealBuildTool|Win32
		{432BF701-A390-4104-8F85-19AA5110EADF}.DebugGame Editor|Win64.Build.0 = BuiltWithUnrealBuildTool|Win32
		{432BF701-A390-4104-8F85-19AA5110EADF}.DebugGame|HTML5.ActiveCfg = BuiltWithUnrealBuildTool|Win32
		{432BF701-A390-4104-8F85-19AA5110EADF}.DebugGame|HTML5.Build.0 = BuiltWithUnrealBuildTool|Win32
		{432BF701-A390-4104-8F85-19AA5110EADF}.DebugGame|Win32.ActiveCfg = BuiltWithUnrealBuildTool|Win32
		{432BF701-A390-4104-8F85-19AA5110EADF}.DebugGame|Win32.Build.0 = BuiltWithUnrealBuildTool|Win32
		{432BF701-A390-4104-8F85-19AA5110EADF}.DebugGame|Win64.ActiveCfg = BuiltWithUnrealBuildTool|Win32
		{432BF701-A390-4104-8F85-19AA5110EADF}.DebugGame|Win64.Build.0 = BuiltWithUnrealBuildTool|Win32
		{432BF701-A390-4104-8F85-19AA5110EADF}.Development Editor|HTML5.ActiveCfg = BuiltWithUnrealBuildTool|Win32
		{432BF701-A390-4104-8F85-19AA5110EADF}.Development Editor|HTML5.Build.0 = BuiltWithUnrealBuildTool|Win32
		{432BF701-A390-4104-8F85-19AA5110EADF}.Development Editor|Win32.ActiveCfg = BuiltWithUnrealBuildTool|Win32
		{432BF701-A390-4104-8F85-19AA5110EADF}.Development Editor|Win32.Build.0 = BuiltWithUnrealBuildTool|Win32
		{432BF701-A390-4104-8F85-19AA5110EADF}.Development Editor|Win64.ActiveCfg = BuiltWithUnrealBuildTool|Win32
		{432BF701-A390-4104-8F85-19AA5110EADF}.Development Editor|Win64.Build.0 = BuiltWithUnrealBuildTool|Win32
		{432BF701-A390-4104-8F85-19AA5110EADF}.Development|HTML5.ActiveCfg = BuiltWithUnrealBuildTool|Win32
		{432BF701-A390-4104-8F85-19AA5110EADF}.Development|HTML5.Build.0 = BuiltWithUnrealBuildTool|Win32
		{432BF701-A390-4104-8F85-19AA5110EADF}.Development|Win32.ActiveCfg = BuiltWithUnrealBuildTool|Win32
		{432BF701-A390-4104-8F85-19AA5110EADF}.Development|Win32.Build.0 = BuiltWithUnrealBuildTool|Win32
		{432BF701-A390-4104-8F85-19AA5110EADF}.Development|Win64.ActiveCfg = BuiltWithUnrealBuildTool|Win32
		{432BF701-A390-4104-8F85-19AA5110EADF}.Development|Win64.Build.0 = BuiltWithUnrealBuildTool|Win32
		{432BF701-A390-4104-8F85-19AA5110EADF}.Shipping|HTML5.ActiveCfg = BuiltWithUnrealBuildTool|Win32
		{432BF701-A390-4104-8F85-19AA5110EADF}.Shipping|HTML5.Build.0 = BuiltWithUnrealBuildTool|Win32
		{432BF701-A390-4104-8F85-19AA5110EADF}.Shipping|Win32.ActiveCfg = BuiltWithUnrealBuildTool|Win32
		{432BF701-A390-4104-8F85-19AA5110EADF}.Shipping|Win32.Build.0 = BuiltWithUnrealBuildTool|Win32
		{432BF701-A390-4104-8F85-19AA5110EADF}.Shipping|Win64.ActiveCfg = BuiltWithUnrealBuildTool|Win32
		{432BF701-A390-4104-8F85-19AA5110EADF}.Shipping|Win64.Build.0 = BuiltWithUnrealBuildTool|Win32
		{458D66ED-C770-43B8-964E-24D8D175AA58}.DebugGame Editor|HTML5.ActiveCfg = HTML5_DebugGame_Editor|Win32
		{458D66ED-C770-43B8-964E-24D8D175AA58}.DebugGame Editor|Win32.ActiveCfg = DebugGame_Editor|Win32
		{458D66ED-C770-43B8-964E-24D8D175AA58}.DebugGame Editor|Win64.ActiveCfg = DebugGame_Editor|x64
		{458D66ED-C770-43B8-964E-24D8D175AA58}.DebugGame Editor|Win64.Build.0 = DebugGame_Editor|x64
		{458D66ED-C770-43B8-964E-24D8D175AA58}.DebugGame|HTML5.ActiveCfg = HTML5_DebugGame_Game|Win32
		{458D66ED-C770-43B8-964E-24D8D175AA58}.DebugGame|HTML5.Build.0 = HTML5_DebugGame_Game|Win32
		{458D66ED-C770-43B8-964E-24D8D175AA58}.DebugGame|Win32.ActiveCfg = DebugGame_Game|Win32
		{458D66ED-C770-43B8-964E-24D8D175AA58}.DebugGame|Win32.Build.0 = DebugGame_Game|Win32
		{458D66ED-C770-43B8-964E-24D8D175AA58}.DebugGame|Win64.ActiveCfg = DebugGame_Game|x64
		{458D66ED-C770-43B8-964E-24D8D175AA58}.DebugGame|Win64.Build.0 = DebugGame_Game|x64
		{458D66ED-C770-43B8-964E-24D8D175AA58}.Development Editor|HTML5.ActiveCfg = HTML5_Development_Editor|Win32
		{458D66ED-C770-43B8-964E-24D8D175AA58}.Development Editor|Win32.ActiveCfg = Development_Editor|Win32
		{458D66ED-C770-43B8-964E-24D8D175AA58}.Development Editor|Win64.ActiveCfg = Development_Editor|x64
		{458D66ED-C770-43B8-964E-24D8D175AA58}.Development Editor|Win64.Build.0 = Development_Editor|x64
		{458D66ED-C770-43B8-964E-24D8D175AA58}.Development|HTML5.ActiveCfg = HTML5_Development_Game|Win32
		{458D66ED-C770-43B8-964E-24D8D175AA58}.Development|HTML5.Build.0 = HTML5_Development_Game|Win32
		{458D66ED-C770-43B8-964E-24D8D175AA58}.Development|Win32.ActiveCfg = Development_Game|Win32
		{458D66ED-C770-43B8-964E-24D8D175AA58}.Development|Win32.Build.0 = Development_Game|Win32
		{458D66ED-C770-43B8-964E-24D8D175AA58}.Development|Win64.ActiveCfg = Development_Game|x64
		{458D66ED-C770-43B8-964E-24D8D175AA58}.Development|Win64.Build.0 = Development_Game|x64
		{458D66ED-C770-43B8-964E-24D8D175AA58}.Shipping|HTML5.ActiveCfg = HTML5_Shipping_Game|Win32
		{458D66ED-C770-43B8-964E-24D8D175AA58}.Shipping|HTML5.Build.0 = HTML5_Shipping_Game|Win32
		{458D66ED-C770-43B8-964E-24D8D175AA58}.Shipping|Win32.ActiveCfg = Shipping_Game|Win32
		{458D66ED-C770-43B8-964E-24D8D175AA58}.Shipping|Win32.Build.0 = Shipping_Game|Win32
		{458D66ED-C770-43B8-964E-24D8D175AA58}.Shipping|Win64.ActiveCfg = Shipping_Game|x64
		{458D66ED-C770-43B8-964E-24D8D175AA58}.Shipping|Win64.Build.0 = Shipping_Game|x64
	EndGlobalSection
	GlobalSection(SolutionProperties) = preSolution
		HideSolutionNode = FALSE
	EndGlobalSection
	GlobalSection(NestedProjects) = preSolution
		{432BF701-A390-4104-8F85-19AA5110EADF} = {DCCEC87F-853A-44B0-8D86-0F457EF44182}
		{458D66ED-C770-43B8-964E-24D8D175AA58} = {6F0F3E9E-2599-4298-A8D6-C8B804F9111A}
	EndGlobalSection
	GlobalSection(ExtensibilityGlobals) = postSolution
		SolutionGuid = {87A8D545-71BE-4F5A-A3B1-42A6BF0F44DC}
	EndGlobalSection
EndGlobal
